
Microsoft Visual Studio Solution File, Format Version 12.00
# Visual Studio Version 16
VisualStudioVersion = 16.0.32228.343
MinimumVisualStudioVersion = 10.0.40219.1
Project("{FAE04EC0-301F-11D3-BF4B-00C04F79EFBC}") = "CinemaProject", "CinemaProject\CinemaProject.csproj", "{674623B7-3534-4F1D-B650-8B3AA5C4D261}"
EndProject
Global
	GlobalSection(SolutionConfigurationPlatforms) = preSolution
		Debug|Any CPU = Debug|Any CPU
		Release|Any CPU = Release|Any CPU
	EndGlobalSection
	GlobalSection(ProjectConfigurationPlatforms) = postSolution
		{674623B7-3534-4F1D-B650-8B3AA5C4D261}.Debug|Any CPU.ActiveCfg = Debug|Any CPU
		{674623B7-3534-4F1D-B650-8B3AA5C4D261}.Debug|Any CPU.Build.0 = Debug|Any CPU
		{674623B7-3534-4F1D-B650-8B3AA5C4D261}.Release|Any CPU.ActiveCfg = Release|Any CPU
		{674623B7-3534-4F1D-B650-8B3AA5C4D261}.Release|Any CPU.Build.0 = Release|Any CPU
	EndGlobalSection
	GlobalSection(SolutionProperties) = preSolution
		HideSolutionNode = FALSE
	EndGlobalSection
	GlobalSection(ExtensibilityGlobals) = postSolution
		SolutionGuid = {624B2823-0308-436E-9D56-AB7C04699D27}
	EndGlobalSection
EndGlobal
